
Microsoft Visual Studio Solution File, Format Version 12.00
# Visual Studio Version 16
VisualStudioVersion = 16.0.31205.134
MinimumVisualStudioVersion = 10.0.40219.1
Project("{8BC9CEB8-8B4A-11D0-8D11-00A0C91BC942}") = "MFCApplication2", "MFCApplication2.vcxproj", "{5F7AF456-FDE9-4828-AE2A-C012BF3C7D91}"
EndProject
Global
	GlobalSection(SolutionConfigurationPlatforms) = preSolution
		Debug|x64 = Debug|x64
		Debug|x86 = Debug|x86
		Release|x64 = Release|x64
		Release|x86 = Release|x86
	EndGlobalSection
	GlobalSection(ProjectConfigurationPlatforms) = postSolution
		{5F7AF456-FDE9-4828-AE2A-C012BF3C7D91}.Debug|x64.ActiveCfg = Debug|x64
		{5F7AF456-FDE9-4828-AE2A-C012BF3C7D91}.Debug|x64.Build.0 = Debug|x64
		{5F7AF456-FDE9-4828-AE2A-C012BF3C7D91}.Debug|x86.ActiveCfg = Debug|Win32
		{5F7AF456-FDE9-4828-AE2A-C012BF3C7D91}.Debug|x86.Build.0 = Debug|Win32
		{5F7AF456-FDE9-4828-AE2A-C012BF3C7D91}.Release|x64.ActiveCfg = Release|x64
		{5F7AF456-FDE9-4828-AE2A-C012BF3C7D91}.Release|x64.Build.0 = Release|x64
		{5F7AF456-FDE9-4828-AE2A-C012BF3C7D91}.Release|x86.ActiveCfg = Release|Win32
		{5F7AF456-FDE9-4828-AE2A-C012BF3C7D91}.Release|x86.Build.0 = Release|Win32
	EndGlobalSection
	GlobalSection(SolutionProperties) = preSolution
		HideSolutionNode = FALSE
	EndGlobalSection
	GlobalSection(ExtensibilityGlobals) = postSolution
		SolutionGuid = {58B017E5-4212-4F2E-A43F-8697B989C6FC}
	EndGlobalSection
EndGlobal
